
Microsoft Visual Studio Solution File, Format Version 12.00
# Visual Studio 15
VisualStudioVersion = 15.0.27130.2010
MinimumVisualStudioVersion = 10.0.40219.1
Project("{9A19103F-16F7-4668-BE54-9A1E7A4F7556}") = "MagnumBI.Dispatch.Web", "MagnumBI.Dispatch.Web\MagnumBI.Dispatch.Web.csproj", "{220F02A4-F232-422B-B856-28AB37884870}"
EndProject
Project("{9A19103F-16F7-4668-BE54-9A1E7A4F7556}") = "MagnumBI.Dispatch.Engine", "MagnumBI.Dispatch.Engine\MagnumBI.Dispatch.Engine.csproj", "{14318F03-0D87-4DDE-93B8-4F4B54721ACA}"
EndProject
Project("{9A19103F-16F7-4668-BE54-9A1E7A4F7556}") = "MagnumBI.Dispatch.Tests", "MagnumBI.Dispatch.Tests\MagnumBI.Dispatch.Tests.csproj", "{EC96EA3E-0865-4AA4-8D6C-0C9FBF5DF761}"
EndProject
Project("{9A19103F-16F7-4668-BE54-9A1E7A4F7556}") = "OptimalBI.Collections", "OptimalBI.Collections\OptimalBI.Collections.csproj", "{F7A2EB1C-7483-492B-B0D5-BF793989AC43}"
EndProject
Project("{9A19103F-16F7-4668-BE54-9A1E7A4F7556}") = "OptimalBI.Collections.Tests", "OptimalBI.Collections.Tests\OptimalBI.Collections.Tests.csproj", "{03A397D9-632F-410C-8F6D-9CADF1E35C09}"
EndProject
Global
	GlobalSection(SolutionConfigurationPlatforms) = preSolution
		Debug|Any CPU = Debug|Any CPU
		Release|Any CPU = Release|Any CPU
	EndGlobalSection
	GlobalSection(ProjectConfigurationPlatforms) = postSolution
		{220F02A4-F232-422B-B856-28AB37884870}.Debug|Any CPU.ActiveCfg = Debug|Any CPU
		{220F02A4-F232-422B-B856-28AB37884870}.Debug|Any CPU.Build.0 = Debug|Any CPU
		{220F02A4-F232-422B-B856-28AB37884870}.Release|Any CPU.ActiveCfg = Release|Any CPU
		{220F02A4-F232-422B-B856-28AB37884870}.Release|Any CPU.Build.0 = Release|Any CPU
		{14318F03-0D87-4DDE-93B8-4F4B54721ACA}.Debug|Any CPU.ActiveCfg = Debug|Any CPU
		{14318F03-0D87-4DDE-93B8-4F4B54721ACA}.Debug|Any CPU.Build.0 = Debug|Any CPU
		{14318F03-0D87-4DDE-93B8-4F4B54721ACA}.Release|Any CPU.ActiveCfg = Release|Any CPU
		{14318F03-0D87-4DDE-93B8-4F4B54721ACA}.Release|Any CPU.Build.0 = Release|Any CPU
		{EC96EA3E-0865-4AA4-8D6C-0C9FBF5DF761}.Debug|Any CPU.ActiveCfg = Debug|Any CPU
		{EC96EA3E-0865-4AA4-8D6C-0C9FBF5DF761}.Debug|Any CPU.Build.0 = Debug|Any CPU
		{EC96EA3E-0865-4AA4-8D6C-0C9FBF5DF761}.Release|Any CPU.ActiveCfg = Release|Any CPU
		{EC96EA3E-0865-4AA4-8D6C-0C9FBF5DF761}.Release|Any CPU.Build.0 = Release|Any CPU
		{F7A2EB1C-7483-492B-B0D5-BF793989AC43}.Debug|Any CPU.ActiveCfg = Debug|Any CPU
		{F7A2EB1C-7483-492B-B0D5-BF793989AC43}.Debug|Any CPU.Build.0 = Debug|Any CPU
		{F7A2EB1C-7483-492B-B0D5-BF793989AC43}.Release|Any CPU.ActiveCfg = Release|Any CPU
		{F7A2EB1C-7483-492B-B0D5-BF793989AC43}.Release|Any CPU.Build.0 = Release|Any CPU
		{03A397D9-632F-410C-8F6D-9CADF1E35C09}.Debug|Any CPU.ActiveCfg = Debug|Any CPU
		{03A397D9-632F-410C-8F6D-9CADF1E35C09}.Debug|Any CPU.Build.0 = Debug|Any CPU
		{03A397D9-632F-410C-8F6D-9CADF1E35C09}.Release|Any CPU.ActiveCfg = Release|Any CPU
		{03A397D9-632F-410C-8F6D-9CADF1E35C09}.Release|Any CPU.Build.0 = Release|Any CPU
	EndGlobalSection
	GlobalSection(SolutionProperties) = preSolution
		HideSolutionNode = FALSE
	EndGlobalSection
	GlobalSection(ExtensibilityGlobals) = postSolution
		SolutionGuid = {391CE90E-2A7E-453D-A415-5667D12B6A0D}
	EndGlobalSection
EndGlobal
